
Microsoft Visual Studio Solution File, Format Version 12.00
Project("{2150E333-8FDC-42A3-9474-1A3956D46DE8}") = "src", "src", "{96A1CC5D-4F91-42EA-B347-98366183DE8F}"
EndProject
Project("{2150E333-8FDC-42A3-9474-1A3956D46DE8}") = "test", "test", "{42832B1E-D819-4A8B-832D-1172AA364BF0}"
EndProject
Project("{FAE04EC0-301F-11D3-BF4B-00C04F79EFBC}") = "OrderFlow.WebApi", "src\OrderFlow.WebApi\OrderFlow.WebApi.csproj", "{1CCF502B-D77E-401F-859F-72151ECEBE76}"
EndProject
Project("{FAE04EC0-301F-11D3-BF4B-00C04F79EFBC}") = "OrderFlow.Application", "src\OrderFlow.Application\OrderFlow.Application.csproj", "{9481BC72-10B7-4835-91AF-6B91BD782A34}"
EndProject
Project("{FAE04EC0-301F-11D3-BF4B-00C04F79EFBC}") = "OrderFlow.Domain", "src\OrderFlow.Domain\OrderFlow.Domain.csproj", "{AFFB6B58-8732-4FFD-8F93-99BF3C9E12B8}"
EndProject
Project("{FAE04EC0-301F-11D3-BF4B-00C04F79EFBC}") = "OrderFlow.Infrastructure", "src\OrderFlow.Infrastructure\OrderFlow.Infrastructure.csproj", "{361FF527-C000-41BE-8FE2-DDCDB3CF4E83}"
EndProject
Project("{FAE04EC0-301F-11D3-BF4B-00C04F79EFBC}") = "OrderFlow.UnitTest", "test\OrderFlow.UnitTest\OrderFlow.UnitTest.csproj", "{3F1C417E-E3C7-4001-98DA-60305D0F2F18}"
EndProject
Project("{FAE04EC0-301F-11D3-BF4B-00C04F79EFBC}") = "OrderFlow.ArchitectureTest", "test\OrderFlow.ArchitectureTest\OrderFlow.ArchitectureTest.csproj", "{CF72DE9E-3F8A-41AD-9F69-561B791CEEAF}"
EndProject
Global
	GlobalSection(SolutionConfigurationPlatforms) = preSolution
		Debug|Any CPU = Debug|Any CPU
		Release|Any CPU = Release|Any CPU
	EndGlobalSection
	GlobalSection(ProjectConfigurationPlatforms) = postSolution
		{1CCF502B-D77E-401F-859F-72151ECEBE76}.Debug|Any CPU.ActiveCfg = Debug|Any CPU
		{1CCF502B-D77E-401F-859F-72151ECEBE76}.Debug|Any CPU.Build.0 = Debug|Any CPU
		{1CCF502B-D77E-401F-859F-72151ECEBE76}.Release|Any CPU.ActiveCfg = Release|Any CPU
		{1CCF502B-D77E-401F-859F-72151ECEBE76}.Release|Any CPU.Build.0 = Release|Any CPU
		{9481BC72-10B7-4835-91AF-6B91BD782A34}.Debug|Any CPU.ActiveCfg = Debug|Any CPU
		{9481BC72-10B7-4835-91AF-6B91BD782A34}.Debug|Any CPU.Build.0 = Debug|Any CPU
		{9481BC72-10B7-4835-91AF-6B91BD782A34}.Release|Any CPU.ActiveCfg = Release|Any CPU
		{9481BC72-10B7-4835-91AF-6B91BD782A34}.Release|Any CPU.Build.0 = Release|Any CPU
		{AFFB6B58-8732-4FFD-8F93-99BF3C9E12B8}.Debug|Any CPU.ActiveCfg = Debug|Any CPU
		{AFFB6B58-8732-4FFD-8F93-99BF3C9E12B8}.Debug|Any CPU.Build.0 = Debug|Any CPU
		{AFFB6B58-8732-4FFD-8F93-99BF3C9E12B8}.Release|Any CPU.ActiveCfg = Release|Any CPU
		{AFFB6B58-8732-4FFD-8F93-99BF3C9E12B8}.Release|Any CPU.Build.0 = Release|Any CPU
		{361FF527-C000-41BE-8FE2-DDCDB3CF4E83}.Debug|Any CPU.ActiveCfg = Debug|Any CPU
		{361FF527-C000-41BE-8FE2-DDCDB3CF4E83}.Debug|Any CPU.Build.0 = Debug|Any CPU
		{361FF527-C000-41BE-8FE2-DDCDB3CF4E83}.Release|Any CPU.ActiveCfg = Release|Any CPU
		{361FF527-C000-41BE-8FE2-DDCDB3CF4E83}.Release|Any CPU.Build.0 = Release|Any CPU
		{3F1C417E-E3C7-4001-98DA-60305D0F2F18}.Debug|Any CPU.ActiveCfg = Debug|Any CPU
		{3F1C417E-E3C7-4001-98DA-60305D0F2F18}.Debug|Any CPU.Build.0 = Debug|Any CPU
		{3F1C417E-E3C7-4001-98DA-60305D0F2F18}.Release|Any CPU.ActiveCfg = Release|Any CPU
		{3F1C417E-E3C7-4001-98DA-60305D0F2F18}.Release|Any CPU.Build.0 = Release|Any CPU
		{CF72DE9E-3F8A-41AD-9F69-561B791CEEAF}.Debug|Any CPU.ActiveCfg = Debug|Any CPU
		{CF72DE9E-3F8A-41AD-9F69-561B791CEEAF}.Debug|Any CPU.Build.0 = Debug|Any CPU
		{CF72DE9E-3F8A-41AD-9F69-561B791CEEAF}.Release|Any CPU.ActiveCfg = Release|Any CPU
		{CF72DE9E-3F8A-41AD-9F69-561B791CEEAF}.Release|Any CPU.Build.0 = Release|Any CPU
	EndGlobalSection
	GlobalSection(NestedProjects) = preSolution
		{1CCF502B-D77E-401F-859F-72151ECEBE76} = {96A1CC5D-4F91-42EA-B347-98366183DE8F}
		{9481BC72-10B7-4835-91AF-6B91BD782A34} = {96A1CC5D-4F91-42EA-B347-98366183DE8F}
		{AFFB6B58-8732-4FFD-8F93-99BF3C9E12B8} = {96A1CC5D-4F91-42EA-B347-98366183DE8F}
		{361FF527-C000-41BE-8FE2-DDCDB3CF4E83} = {96A1CC5D-4F91-42EA-B347-98366183DE8F}
		{3F1C417E-E3C7-4001-98DA-60305D0F2F18} = {42832B1E-D819-4A8B-832D-1172AA364BF0}
		{CF72DE9E-3F8A-41AD-9F69-561B791CEEAF} = {42832B1E-D819-4A8B-832D-1172AA364BF0}
	EndGlobalSection
EndGlobal
